
Microsoft Visual Studio Solution File, Format Version 12.00
# Visual Studio 15
VisualStudioVersion = 15.0.28307.421
MinimumVisualStudioVersion = 10.0.40219.1
Project("{FAE04EC0-301F-11D3-BF4B-00C04F79EFBC}") = "FinPlan.Web", "src\FinPlan.Web\FinPlan.Web.csproj", "{2B611F1D-F998-4754-BED2-DBE978DA5C69}"
EndProject
Global
	GlobalSection(SolutionConfigurationPlatforms) = preSolution
		Debug|Any CPU = Debug|Any CPU
		Release|Any CPU = Release|Any CPU
	EndGlobalSection
	GlobalSection(ProjectConfigurationPlatforms) = postSolution
		{2B611F1D-F998-4754-BED2-DBE978DA5C69}.Debug|Any CPU.ActiveCfg = Debug|Any CPU
		{2B611F1D-F998-4754-BED2-DBE978DA5C69}.Debug|Any CPU.Build.0 = Debug|Any CPU
		{2B611F1D-F998-4754-BED2-DBE978DA5C69}.Release|Any CPU.ActiveCfg = Release|Any CPU
		{2B611F1D-F998-4754-BED2-DBE978DA5C69}.Release|Any CPU.Build.0 = Release|Any CPU
	EndGlobalSection
	GlobalSection(SolutionProperties) = preSolution
		HideSolutionNode = FALSE
	EndGlobalSection
	GlobalSection(ExtensibilityGlobals) = postSolution
		SolutionGuid = {019F0DB1-5C9C-42F6-AC49-355D439F3750}
	EndGlobalSection
EndGlobal
